
Microsoft Visual Studio Solution File, Format Version 12.00
# Visual Studio Version 16
VisualStudioVersion = 16.0.31515.178
MinimumVisualStudioVersion = 10.0.40219.1
Project("{FAE04EC0-301F-11D3-BF4B-00C04F79EFBC}") = "YoutubePlay.UI", "YoutubePlay.UI\YoutubePlay.UI.csproj", "{D01B55D4-1F70-4C46-B469-7E1898385406}"
EndProject
Project("{FAE04EC0-301F-11D3-BF4B-00C04F79EFBC}") = "YoutubePlay.Common", "YoutubePlay.Common\YoutubePlay.Common.csproj", "{0AF0766C-15B9-4F56-BADC-969FC98F8544}"
EndProject
Project("{FAE04EC0-301F-11D3-BF4B-00C04F79EFBC}") = "YoutubePlay.Models", "YoutubePlay.Model\YoutubePlay.Models.csproj", "{E1DC382F-F463-493B-AD58-9A23641CF3F2}"
EndProject
Project("{FAE04EC0-301F-11D3-BF4B-00C04F79EFBC}") = "YoutubePlay.Entities", "YoutubePlay.Entities\YoutubePlay.Entities.csproj", "{069EC343-6096-4A3C-8246-BD9610DF323B}"
EndProject
Project("{FAE04EC0-301F-11D3-BF4B-00C04F79EFBC}") = "YoutubePlay.Business", "YoutubePlay.Business\YoutubePlay.Business.csproj", "{F105E25A-52AF-4D85-B385-78AE7C6279AF}"
EndProject
Project("{FAE04EC0-301F-11D3-BF4B-00C04F79EFBC}") = "YoutubePlay.DataAccess", "YoutubePlay.DataAccess\YoutubePlay.DataAccess.csproj", "{ABE00ADC-90E0-4A29-8E2F-C68537AEDF04}"
EndProject
Global
	GlobalSection(SolutionConfigurationPlatforms) = preSolution
		Debug|Any CPU = Debug|Any CPU
		Release|Any CPU = Release|Any CPU
	EndGlobalSection
	GlobalSection(ProjectConfigurationPlatforms) = postSolution
		{D01B55D4-1F70-4C46-B469-7E1898385406}.Debug|Any CPU.ActiveCfg = Debug|Any CPU
		{D01B55D4-1F70-4C46-B469-7E1898385406}.Debug|Any CPU.Build.0 = Debug|Any CPU
		{D01B55D4-1F70-4C46-B469-7E1898385406}.Release|Any CPU.ActiveCfg = Release|Any CPU
		{D01B55D4-1F70-4C46-B469-7E1898385406}.Release|Any CPU.Build.0 = Release|Any CPU
		{0AF0766C-15B9-4F56-BADC-969FC98F8544}.Debug|Any CPU.ActiveCfg = Debug|Any CPU
		{0AF0766C-15B9-4F56-BADC-969FC98F8544}.Debug|Any CPU.Build.0 = Debug|Any CPU
		{0AF0766C-15B9-4F56-BADC-969FC98F8544}.Release|Any CPU.ActiveCfg = Release|Any CPU
		{0AF0766C-15B9-4F56-BADC-969FC98F8544}.Release|Any CPU.Build.0 = Release|Any CPU
		{E1DC382F-F463-493B-AD58-9A23641CF3F2}.Debug|Any CPU.ActiveCfg = Debug|Any CPU
		{E1DC382F-F463-493B-AD58-9A23641CF3F2}.Debug|Any CPU.Build.0 = Debug|Any CPU
		{E1DC382F-F463-493B-AD58-9A23641CF3F2}.Release|Any CPU.ActiveCfg = Release|Any CPU
		{E1DC382F-F463-493B-AD58-9A23641CF3F2}.Release|Any CPU.Build.0 = Release|Any CPU
		{069EC343-6096-4A3C-8246-BD9610DF323B}.Debug|Any CPU.ActiveCfg = Debug|Any CPU
		{069EC343-6096-4A3C-8246-BD9610DF323B}.Debug|Any CPU.Build.0 = Debug|Any CPU
		{069EC343-6096-4A3C-8246-BD9610DF323B}.Release|Any CPU.ActiveCfg = Release|Any CPU
		{069EC343-6096-4A3C-8246-BD9610DF323B}.Release|Any CPU.Build.0 = Release|Any CPU
		{F105E25A-52AF-4D85-B385-78AE7C6279AF}.Debug|Any CPU.ActiveCfg = Debug|Any CPU
		{F105E25A-52AF-4D85-B385-78AE7C6279AF}.Debug|Any CPU.Build.0 = Debug|Any CPU
		{F105E25A-52AF-4D85-B385-78AE7C6279AF}.Release|Any CPU.ActiveCfg = Release|Any CPU
		{F105E25A-52AF-4D85-B385-78AE7C6279AF}.Release|Any CPU.Build.0 = Release|Any CPU
		{ABE00ADC-90E0-4A29-8E2F-C68537AEDF04}.Debug|Any CPU.ActiveCfg = Debug|Any CPU
		{ABE00ADC-90E0-4A29-8E2F-C68537AEDF04}.Debug|Any CPU.Build.0 = Debug|Any CPU
		{ABE00ADC-90E0-4A29-8E2F-C68537AEDF04}.Release|Any CPU.ActiveCfg = Release|Any CPU
		{ABE00ADC-90E0-4A29-8E2F-C68537AEDF04}.Release|Any CPU.Build.0 = Release|Any CPU
	EndGlobalSection
	GlobalSection(SolutionProperties) = preSolution
		HideSolutionNode = FALSE
	EndGlobalSection
	GlobalSection(ExtensibilityGlobals) = postSolution
		SolutionGuid = {88EB107C-C65A-4222-80BE-D2B6D08B54CB}
	EndGlobalSection
EndGlobal
